
Microsoft Visual Studio Solution File, Format Version 12.00
# Visual Studio Version 16
VisualStudioVersion = 16.0.30002.166
MinimumVisualStudioVersion = 10.0.40219.1
Project("{FAE04EC0-301F-11D3-BF4B-00C04F79EFBC}") = "CapaDatos", "CapaDatos\CapaDatos.csproj", "{DE4EAFDC-4FBB-4FA9-85AA-83F9D0BCCFAA}"
EndProject
Project("{FAE04EC0-301F-11D3-BF4B-00C04F79EFBC}") = "CapaEntidades", "CapaEntidades\CapaEntidades.csproj", "{D80A5B16-2C6C-4BD5-9DA0-6C4B8C878459}"
EndProject
Project("{FAE04EC0-301F-11D3-BF4B-00C04F79EFBC}") = "CapaNegocios", "CapaNegocios\CapaNegocios.csproj", "{04005523-B01A-42A7-9E48-5940F3989E1C}"
EndProject
Project("{FAE04EC0-301F-11D3-BF4B-00C04F79EFBC}") = "CapaPresentacion", "CapaPresentacion\CapaPresentacion.csproj", "{C83A533C-0424-4A7E-9C7E-3D9D18041265}"
EndProject
Global
	GlobalSection(SolutionConfigurationPlatforms) = preSolution
		Debug|Any CPU = Debug|Any CPU
		Release|Any CPU = Release|Any CPU
	EndGlobalSection
	GlobalSection(ProjectConfigurationPlatforms) = postSolution
		{DE4EAFDC-4FBB-4FA9-85AA-83F9D0BCCFAA}.Debug|Any CPU.ActiveCfg = Debug|Any CPU
		{DE4EAFDC-4FBB-4FA9-85AA-83F9D0BCCFAA}.Debug|Any CPU.Build.0 = Debug|Any CPU
		{DE4EAFDC-4FBB-4FA9-85AA-83F9D0BCCFAA}.Release|Any CPU.ActiveCfg = Release|Any CPU
		{DE4EAFDC-4FBB-4FA9-85AA-83F9D0BCCFAA}.Release|Any CPU.Build.0 = Release|Any CPU
		{D80A5B16-2C6C-4BD5-9DA0-6C4B8C878459}.Debug|Any CPU.ActiveCfg = Debug|Any CPU
		{D80A5B16-2C6C-4BD5-9DA0-6C4B8C878459}.Debug|Any CPU.Build.0 = Debug|Any CPU
		{D80A5B16-2C6C-4BD5-9DA0-6C4B8C878459}.Release|Any CPU.ActiveCfg = Release|Any CPU
		{D80A5B16-2C6C-4BD5-9DA0-6C4B8C878459}.Release|Any CPU.Build.0 = Release|Any CPU
		{04005523-B01A-42A7-9E48-5940F3989E1C}.Debug|Any CPU.ActiveCfg = Debug|Any CPU
		{04005523-B01A-42A7-9E48-5940F3989E1C}.Debug|Any CPU.Build.0 = Debug|Any CPU
		{04005523-B01A-42A7-9E48-5940F3989E1C}.Release|Any CPU.ActiveCfg = Release|Any CPU
		{04005523-B01A-42A7-9E48-5940F3989E1C}.Release|Any CPU.Build.0 = Release|Any CPU
		{C83A533C-0424-4A7E-9C7E-3D9D18041265}.Debug|Any CPU.ActiveCfg = Debug|Any CPU
		{C83A533C-0424-4A7E-9C7E-3D9D18041265}.Debug|Any CPU.Build.0 = Debug|Any CPU
		{C83A533C-0424-4A7E-9C7E-3D9D18041265}.Release|Any CPU.ActiveCfg = Release|Any CPU
		{C83A533C-0424-4A7E-9C7E-3D9D18041265}.Release|Any CPU.Build.0 = Release|Any CPU
	EndGlobalSection
	GlobalSection(SolutionProperties) = preSolution
		HideSolutionNode = FALSE
	EndGlobalSection
	GlobalSection(ExtensibilityGlobals) = postSolution
		SolutionGuid = {B6A414E0-0E8F-4578-B2DB-FDB7466C29F7}
	EndGlobalSection
EndGlobal
